
Microsoft Visual Studio Solution File, Format Version 12.00
# Visual Studio Version 17
VisualStudioVersion = 17.3.32922.545
MinimumVisualStudioVersion = 10.0.40219.1
Project("{9A19103F-16F7-4668-BE54-9A1E7A4F7556}") = "WeatherApp", "WeatherApp\WeatherApp.csproj", "{23C6A5AF-C536-4157-A69E-D6D71D25F5AE}"
EndProject
Project("{FAE04EC0-301F-11D3-BF4B-00C04F79EFBC}") = "WeatherApp.Tests", "WeatherApp.Tests\WeatherApp.Tests.csproj", "{55B504B3-CE77-4C9E-8777-0F4971CAA4EF}"
EndProject
Global
	GlobalSection(SolutionConfigurationPlatforms) = preSolution
		Debug|Any CPU = Debug|Any CPU
		Release|Any CPU = Release|Any CPU
	EndGlobalSection
	GlobalSection(ProjectConfigurationPlatforms) = postSolution
		{23C6A5AF-C536-4157-A69E-D6D71D25F5AE}.Debug|Any CPU.ActiveCfg = Debug|Any CPU
		{23C6A5AF-C536-4157-A69E-D6D71D25F5AE}.Debug|Any CPU.Build.0 = Debug|Any CPU
		{23C6A5AF-C536-4157-A69E-D6D71D25F5AE}.Release|Any CPU.ActiveCfg = Release|Any CPU
		{23C6A5AF-C536-4157-A69E-D6D71D25F5AE}.Release|Any CPU.Build.0 = Release|Any CPU
		{55B504B3-CE77-4C9E-8777-0F4971CAA4EF}.Debug|Any CPU.ActiveCfg = Debug|Any CPU
		{55B504B3-CE77-4C9E-8777-0F4971CAA4EF}.Debug|Any CPU.Build.0 = Debug|Any CPU
		{55B504B3-CE77-4C9E-8777-0F4971CAA4EF}.Release|Any CPU.ActiveCfg = Release|Any CPU
		{55B504B3-CE77-4C9E-8777-0F4971CAA4EF}.Release|Any CPU.Build.0 = Release|Any CPU
	EndGlobalSection
	GlobalSection(SolutionProperties) = preSolution
		HideSolutionNode = FALSE
	EndGlobalSection
	GlobalSection(ExtensibilityGlobals) = postSolution
		SolutionGuid = {49FA9C80-93B9-46DE-9FEB-A502C92F7D49}
	EndGlobalSection
EndGlobal
